// !$*UTF8*$!
{
	archiveVersion = 1;
	classes = {
	};
	objectVersion = 56;
	objects = {

/* Begin PBXBuildFile section */
		20467A3C2B738D7000CCAF5C /* CurrencyModel.swift in Sources */ = {isa = PBXBuildFile; fileRef = 20467A3B2B738D7000CCAF5C /* CurrencyModel.swift */; };
		206DB8A92B6A6B980076400A /* TransactionView.swift in Sources */ = {isa = PBXBuildFile; fileRef = 206DB8A82B6A6B980076400A /* TransactionView.swift */; };
		206DB8AB2B6A7ABC0076400A /* AddTransactionView.swift in Sources */ = {isa = PBXBuildFile; fileRef = 206DB8AA2B6A7ABC0076400A /* AddTransactionView.swift */; };
		20A796E72B710D2200D33962 /* SettingsView.swift in Sources */ = {isa = PBXBuildFile; fileRef = 20A796E62B710D2200D33962 /* SettingsView.swift */; };
		20FB861B2B691FE700E430BE /* IncomeApp.swift in Sources */ = {isa = PBXBuildFile; fileRef = 20FB861A2B691FE700E430BE /* IncomeApp.swift */; };
		20FB861D2B691FE700E430BE /* HomeView.swift in Sources */ = {isa = PBXBuildFile; fileRef = 20FB861C2B691FE700E430BE /* HomeView.swift */; };
		20FB861F2B691FE700E430BE /* Assets.xcassets in Resources */ = {isa = PBXBuildFile; fileRef = 20FB861E2B691FE700E430BE /* Assets.xcassets */; };
		20FB86222B691FE700E430BE /* Preview Assets.xcassets in Resources */ = {isa = PBXBuildFile; fileRef = 20FB86212B691FE700E430BE /* Preview Assets.xcassets */; };
		20FB862A2B69213900E430BE /* TransactionModel.swift in Sources */ = {isa = PBXBuildFile; fileRef = 20FB86292B69213900E430BE /* TransactionModel.swift */; };
		20FB862C2B6921BD00E430BE /* TransactionTypeModel.swift in Sources */ = {isa = PBXBuildFile; fileRef = 20FB862B2B6921BD00E430BE /* TransactionTypeModel.swift */; };
		20FB862E2B69285F00E430BE /* Colors.xcassets in Resources */ = {isa = PBXBuildFile; fileRef = 20FB862D2B69285F00E430BE /* Colors.xcassets */; };
/* End PBXBuildFile section */

/* Begin PBXFileReference section */
		20467A3B2B738D7000CCAF5C /* CurrencyModel.swift */ = {isa = PBXFileReference; lastKnownFileType = sourcecode.swift; path = CurrencyModel.swift; sourceTree = "<group>"; };
		206DB8A82B6A6B980076400A /* TransactionView.swift */ = {isa = PBXFileReference; lastKnownFileType = sourcecode.swift; path = TransactionView.swift; sourceTree = "<group>"; };
		206DB8AA2B6A7ABC0076400A /* AddTransactionView.swift */ = {isa = PBXFileReference; lastKnownFileType = sourcecode.swift; path = AddTransactionView.swift; sourceTree = "<group>"; };
		20A796E62B710D2200D33962 /* SettingsView.swift */ = {isa = PBXFileReference; lastKnownFileType = sourcecode.swift; path = SettingsView.swift; sourceTree = "<group>"; };
		20FB86172B691FE700E430BE /* Income.app */ = {isa = PBXFileReference; explicitFileType = wrapper.application; includeInIndex = 0; path = Income.app; sourceTree = BUILT_PRODUCTS_DIR; };
		20FB861A2B691FE700E430BE /* IncomeApp.swift */ = {isa = PBXFileReference; lastKnownFileType = sourcecode.swift; path = IncomeApp.swift; sourceTree = "<group>"; };
		20FB861C2B691FE700E430BE /* HomeView.swift */ = {isa = PBXFileReference; lastKnownFileType = sourcecode.swift; path = HomeView.swift; sourceTree = "<group>"; };
		20FB861E2B691FE700E430BE /* Assets.xcassets */ = {isa = PBXFileReference; lastKnownFileType = folder.assetcatalog; path = Assets.xcassets; sourceTree = "<group>"; };
		20FB86212B691FE700E430BE /* Preview Assets.xcassets */ = {isa = PBXFileReference; lastKnownFileType = folder.assetcatalog; path = "Preview Assets.xcassets"; sourceTree = "<group>"; };
		20FB86292B69213900E430BE /* TransactionModel.swift */ = {isa = PBXFileReference; lastKnownFileType = sourcecode.swift; path = TransactionModel.swift; sourceTree = "<group>"; };
		20FB862B2B6921BD00E430BE /* TransactionTypeModel.swift */ = {isa = PBXFileReference; lastKnownFileType = sourcecode.swift; path = TransactionTypeModel.swift; sourceTree = "<group>"; };
		20FB862D2B69285F00E430BE /* Colors.xcassets */ = {isa = PBXFileReference; lastKnownFileType = folder.assetcatalog; path = Colors.xcassets; sourceTree = "<group>"; };
/* End PBXFileReference section */

/* Begin PBXFrameworksBuildPhase section */
		20FB86142B691FE700E430BE /* Frameworks */ = {
			isa = PBXFrameworksBuildPhase;
			buildActionMask = 2147483647;
			files = (
			);
			runOnlyForDeploymentPostprocessing = 0;
		};
/* End PBXFrameworksBuildPhase section */

/* Begin PBXGroup section */
		206DB8A72B6A6B820076400A /* Views */ = {
			isa = PBXGroup;
			children = (
				20FB861C2B691FE700E430BE /* HomeView.swift */,
				206DB8A82B6A6B980076400A /* TransactionView.swift */,
				206DB8AA2B6A7ABC0076400A /* AddTransactionView.swift */,
				20A796E62B710D2200D33962 /* SettingsView.swift */,
			);
			path = Views;
			sourceTree = "<group>";
		};
		20FB860E2B691FE700E430BE = {
			isa = PBXGroup;
			children = (
				20FB86192B691FE700E430BE /* Income */,
				20FB86182B691FE700E430BE /* Products */,
			);
			sourceTree = "<group>";
		};
		20FB86182B691FE700E430BE /* Products */ = {
			isa = PBXGroup;
			children = (
				20FB86172B691FE700E430BE /* Income.app */,
			);
			name = Products;
			sourceTree = "<group>";
		};
		20FB86192B691FE700E430BE /* Income */ = {
			isa = PBXGroup;
			children = (
				206DB8A72B6A6B820076400A /* Views */,
				20FB86282B69212200E430BE /* Model */,
				20FB861A2B691FE700E430BE /* IncomeApp.swift */,
				20FB861E2B691FE700E430BE /* Assets.xcassets */,
				20FB862D2B69285F00E430BE /* Colors.xcassets */,
				20FB86202B691FE700E430BE /* Preview Content */,
			);
			path = Income;
			sourceTree = "<group>";
		};
		20FB86202B691FE700E430BE /* Preview Content */ = {
			isa = PBXGroup;
			children = (
				20FB86212B691FE700E430BE /* Preview Assets.xcassets */,
			);
			path = "Preview Content";
			sourceTree = "<group>";
		};
		20FB86282B69212200E430BE /* Model */ = {
			isa = PBXGroup;
			children = (
				20FB86292B69213900E430BE /* TransactionModel.swift */,
				20FB862B2B6921BD00E430BE /* TransactionTypeModel.swift */,
				20467A3B2B738D7000CCAF5C /* CurrencyModel.swift */,
			);
			path = Model;
			sourceTree = "<group>";
		};
/* End PBXGroup section */

/* Begin PBXNativeTarget section */
		20FB86162B691FE700E430BE /* Income */ = {
			isa = PBXNativeTarget;
			buildConfigurationList = 20FB86252B691FE700E430BE /* Build configuration list for PBXNativeTarget "Income" */;
			buildPhases = (
				20FB86132B691FE700E430BE /* Sources */,
				20FB86142B691FE700E430BE /* Frameworks */,
				20FB86152B691FE700E430BE /* Resources */,
			);
			buildRules = (
			);
			dependencies = (
			);
			name = Income;
			productName = Income;
			productReference = 20FB86172B691FE700E430BE /* Income.app */;
			productType = "com.apple.product-type.application";
		};
/* End PBXNativeTarget section */

/* Begin PBXProject section */
		20FB860F2B691FE700E430BE /* Project object */ = {
			isa = PBXProject;
			attributes = {
				BuildIndependentTargetsInParallel = 1;
				LastSwiftUpdateCheck = 1500;
				LastUpgradeCheck = 2600;
				TargetAttributes = {
					20FB86162B691FE700E430BE = {
						CreatedOnToolsVersion = 15.0.1;
					};
				};
			};
			buildConfigurationList = 20FB86122B691FE700E430BE /* Build configuration list for PBXProject "Income" */;
			compatibilityVersion = "Xcode 14.0";
			developmentRegion = en;
			hasScannedForEncodings = 0;
			knownRegions = (
				en,
				Base,
			);
			mainGroup = 20FB860E2B691FE700E430BE;
			productRefGroup = 20FB86182B691FE700E430BE /* Products */;
			projectDirPath = "";
			projectRoot = "";
			targets = (
				20FB86162B691FE700E430BE /* Income */,
			);
		};
/* End PBXProject section */

/* Begin PBXResourcesBuildPhase section */
		20FB86152B691FE700E430BE /* Resources */ = {
			isa = PBXResourcesBuildPhase;
			buildActionMask = 2147483647;
			files = (
				20FB862E2B69285F00E430BE /* Colors.xcassets in Resources */,
				20FB86222B691FE700E430BE /* Preview Assets.xcassets in Resources */,
				20FB861F2B691FE700E430BE /* Assets.xcassets in Resources */,
			);
			runOnlyForDeploymentPostprocessing = 0;
		};
/* End PBXResourcesBuildPhase section */

/* Begin PBXSourcesBuildPhase section */
		20FB86132B691FE700E430BE /* Sources */ = {
			isa = PBXSourcesBuildPhase;
			buildActionMask = 2147483647;
			files = (
				20A796E72B710D2200D33962 /* SettingsView.swift in Sources */,
				20FB862C2B6921BD00E430BE /* TransactionTypeModel.swift in Sources */,
				20467A3C2B738D7000CCAF5C /* CurrencyModel.swift in Sources */,
				20FB862A2B69213900E430BE /* TransactionModel.swift in Sources */,
				206DB8A92B6A6B980076400A /* TransactionView.swift in Sources */,
				206DB8AB2B6A7ABC0076400A /* AddTransactionView.swift in Sources */,
				20FB861D2B691FE700E430BE /* HomeView.swift in Sources */,
				20FB861B2B691FE700E430BE /* IncomeApp.swift in Sources */,
			);
			runOnlyForDeploymentPostprocessing = 0;
		};
/* End PBXSourcesBuildPhase section */

/* Begin XCBuildConfiguration section */
		20FB86232B691FE700E430BE /* Debug */ = {
			isa = XCBuildConfiguration;
			buildSettings = {
				ALWAYS_SEARCH_USER_PATHS = NO;
				ASSETCATALOG_COMPILER_GENERATE_SWIFT_ASSET_SYMBOL_EXTENSIONS = YES;
				CLANG_ANALYZER_NONNULL = YES;
				CLANG_ANALYZER_NUMBER_OBJECT_CONVERSION = YES_AGGRESSIVE;
				CLANG_CXX_LANGUAGE_STANDARD = "gnu++20";
				CLANG_ENABLE_MODULES = YES;
				CLANG_ENABLE_OBJC_ARC = YES;
				CLANG_ENABLE_OBJC_WEAK = YES;
				CLANG_WARN_BLOCK_CAPTURE_AUTORELEASING = YES;
				CLANG_WARN_BOOL_CONVERSION = YES;
				CLANG_WARN_COMMA = YES;
				CLANG_WARN_CONSTANT_CONVERSION = YES;
				CLANG_WARN_DEPRECATED_OBJC_IMPLEMENTATIONS = YES;
				CLANG_WARN_DIRECT_OBJC_ISA_USAGE = YES_ERROR;
				CLANG_WARN_DOCUMENTATION_COMMENTS = YES;
				CLANG_WARN_EMPTY_BODY = YES;
				CLANG_WARN_ENUM_CONVERSION = YES;
				CLANG_WARN_INFINITE_RECURSION = YES;
				CLANG_WARN_INT_CONVERSION = YES;
				CLANG_WARN_NON_LITERAL_NULL_CONVERSION = YES;
				CLANG_WARN_OBJC_IMPLICIT_RETAIN_SELF = YES;
				CLANG_WARN_OBJC_LITERAL_CONVERSION = YES;
				CLANG_WARN_OBJC_ROOT_CLASS = YES_ERROR;
				CLANG_WARN_QUOTED_INCLUDE_IN_FRAMEWORK_HEADER = YES;
				CLANG_WARN_RANGE_LOOP_ANALYSIS = YES;
				CLANG_WARN_STRICT_PROTOTYPES = YES;
				CLANG_WARN_SUSPICIOUS_MOVE = YES;
				CLANG_WARN_UNGUARDED_AVAILABILITY = YES_AGGRESSIVE;
				CLANG_WARN_UNREACHABLE_CODE = YES;
				CLANG_WARN__DUPLICATE_METHOD_MATCH = YES;
				COPY_PHASE_STRIP = NO;
				DEBUG_INFORMATION_FORMAT = dwarf;
				DEVELOPMENT_TEAM = W85GJYFB35;
				ENABLE_STRICT_OBJC_MSGSEND = YES;
				ENABLE_TESTABILITY = YES;
				ENABLE_USER_SCRIPT_SANDBOXING = YES;
				GCC_C_LANGUAGE_STANDARD = gnu17;
				GCC_DYNAMIC_NO_PIC = NO;
				GCC_NO_COMMON_BLOCKS = YES;
				GCC_OPTIMIZATION_LEVEL = 0;
				GCC_PREPROCESSOR_DEFINITIONS = (
					"DEBUG=1",
					"$(inherited)",
				);
				GCC_WARN_64_TO_32_BIT_CONVERSION = YES;
				GCC_WARN_ABOUT_RETURN_TYPE = YES_ERROR;
				GCC_WARN_UNDECLARED_SELECTOR = YES;
				GCC_WARN_UNINITIALIZED_AUTOS = YES_AGGRESSIVE;
				GCC_WARN_UNUSED_FUNCTION = YES;
				GCC_WARN_UNUSED_VARIABLE = YES;
				IPHONEOS_DEPLOYMENT_TARGET = 26.0;
				LOCALIZATION_PREFERS_STRING_CATALOGS = YES;
				MTL_ENABLE_DEBUG_INFO = INCLUDE_SOURCE;
				MTL_FAST_MATH = YES;
				ONLY_ACTIVE_ARCH = YES;
				SDKROOT = iphoneos;
				STRING_CATALOG_GENERATE_SYMBOLS = YES;
				SWIFT_ACTIVE_COMPILATION_CONDITIONS = "DEBUG $(inherited)";
				SWIFT_OPTIMIZATION_LEVEL = "-Onone";
			};
			name = Debug;
		};
		20FB86242B691FE700E430BE /* Release */ = {
			isa = XCBuildConfiguration;
			buildSettings = {
				ALWAYS_SEARCH_USER_PATHS = NO;
				ASSETCATALOG_COMPILER_GENERATE_SWIFT_ASSET_SYMBOL_EXTENSIONS = YES;
				CLANG_ANALYZER_NONNULL = YES;
				CLANG_ANALYZER_NUMBER_OBJECT_CONVERSION = YES_AGGRESSIVE;
				CLANG_CXX_LANGUAGE_STANDARD = "gnu++20";
				CLANG_ENABLE_MODULES = YES;
				CLANG_ENABLE_OBJC_ARC = YES;
				CLANG_ENABLE_OBJC_WEAK = YES;
				CLANG_WARN_BLOCK_CAPTURE_AUTORELEASING = YES;
				CLANG_WARN_BOOL_CONVERSION = YES;
				CLANG_WARN_COMMA = YES;
				CLANG_WARN_CONSTANT_CONVERSION = YES;
				CLANG_WARN_DEPRECATED_OBJC_IMPLEMENTATIONS = YES;
				CLANG_WARN_DIRECT_OBJC_ISA_USAGE = YES_ERROR;
				CLANG_WARN_DOCUMENTATION_COMMENTS = YES;
				CLANG_WARN_EMPTY_BODY = YES;
				CLANG_WARN_ENUM_CONVERSION = YES;
				CLANG_WARN_INFINITE_RECURSION = YES;
				CLANG_WARN_INT_CONVERSION = YES;
				CLANG_WARN_NON_LITERAL_NULL_CONVERSION = YES;
				CLANG_WARN_OBJC_IMPLICIT_RETAIN_SELF = YES;
				CLANG_WARN_OBJC_LITERAL_CONVERSION = YES;
				CLANG_WARN_OBJC_ROOT_CLASS = YES_ERROR;
				CLANG_WARN_QUOTED_INCLUDE_IN_FRAMEWORK_HEADER = YES;
				CLANG_WARN_RANGE_LOOP_ANALYSIS = YES;
				CLANG_WARN_STRICT_PROTOTYPES = YES;
				CLANG_WARN_SUSPICIOUS_MOVE = YES;
				CLANG_WARN_UNGUARDED_AVAILABILITY = YES_AGGRESSIVE;
				CLANG_WARN_UNREACHABLE_CODE = YES;
				CLANG_WARN__DUPLICATE_METHOD_MATCH = YES;
				COPY_PHASE_STRIP = NO;
				DEBUG_INFORMATION_FORMAT = "dwarf-with-dsym";
				DEVELOPMENT_TEAM = W85GJYFB35;
				ENABLE_NS_ASSERTIONS = NO;
				ENABLE_STRICT_OBJC_MSGSEND = YES;
				ENABLE_USER_SCRIPT_SANDBOXING = YES;
				GCC_C_LANGUAGE_STANDARD = gnu17;
				GCC_NO_COMMON_BLOCKS = YES;
				GCC_WARN_64_TO_32_BIT_CONVERSION = YES;
				GCC_WARN_ABOUT_RETURN_TYPE = YES_ERROR;
				GCC_WARN_UNDECLARED_SELECTOR = YES;
				GCC_WARN_UNINITIALIZED_AUTOS = YES_AGGRESSIVE;
				GCC_WARN_UNUSED_FUNCTION = YES;
				GCC_WARN_UNUSED_VARIABLE = YES;
				IPHONEOS_DEPLOYMENT_TARGET = 26.0;
				LOCALIZATION_PREFERS_STRING_CATALOGS = YES;
				MTL_ENABLE_DEBUG_INFO = NO;
				MTL_FAST_MATH = YES;
				SDKROOT = iphoneos;
				STRING_CATALOG_GENERATE_SYMBOLS = YES;
				SWIFT_COMPILATION_MODE = wholemodule;
				VALIDATE_PRODUCT = YES;
			};
			name = Release;
		};
		20FB86262B691FE700E430BE /* Debug */ = {
			isa = XCBuildConfiguration;
			buildSettings = {
				ASSETCATALOG_COMPILER_APPICON_NAME = AppIcon;
				ASSETCATALOG_COMPILER_GLOBAL_ACCENT_COLOR_NAME = AccentColor;
				CODE_SIGN_STYLE = Automatic;
				CURRENT_PROJECT_VERSION = 1;
				DEVELOPMENT_ASSET_PATHS = "\"Income/Preview Content\"";
				ENABLE_PREVIEWS = YES;
				GENERATE_INFOPLIST_FILE = YES;
				INFOPLIST_KEY_UIApplicationSceneManifest_Generation = YES;
				INFOPLIST_KEY_UIApplicationSupportsIndirectInputEvents = YES;
				INFOPLIST_KEY_UILaunchScreen_Generation = YES;
				INFOPLIST_KEY_UISupportedInterfaceOrientations_iPad = "UIInterfaceOrientationPortrait UIInterfaceOrientationPortraitUpsideDown UIInterfaceOrientationLandscapeLeft UIInterfaceOrientationLandscapeRight";
				INFOPLIST_KEY_UISupportedInterfaceOrientations_iPhone = "UIInterfaceOrientationPortrait UIInterfaceOrientationLandscapeLeft UIInterfaceOrientationLandscapeRight";
				IPHONEOS_DEPLOYMENT_TARGET = 26.0;
				LD_RUNPATH_SEARCH_PATHS = (
					"$(inherited)",
					"@executable_path/Frameworks",
				);
				MARKETING_VERSION = 1.0;
				PRODUCT_BUNDLE_IDENTIFIER = com.gwinyai.Income;
				PRODUCT_NAME = "$(TARGET_NAME)";
				SWIFT_EMIT_LOC_STRINGS = YES;
				SWIFT_VERSION = 5.0;
				TARGETED_DEVICE_FAMILY = "1,2";
			};
			name = Debug;
		};
		20FB86272B691FE700E430BE /* Release */ = {
			isa = XCBuildConfiguration;
			buildSettings = {
				ASSETCATALOG_COMPILER_APPICON_NAME = AppIcon;
				ASSETCATALOG_COMPILER_GLOBAL_ACCENT_COLOR_NAME = AccentColor;
				CODE_SIGN_STYLE = Automatic;
				CURRENT_PROJECT_VERSION = 1;
				DEVELOPMENT_ASSET_PATHS = "\"Income/Preview Content\"";
				ENABLE_PREVIEWS = YES;
				GENERATE_INFOPLIST_FILE = YES;
				INFOPLIST_KEY_UIApplicationSceneManifest_Generation = YES;
				INFOPLIST_KEY_UIApplicationSupportsIndirectInputEvents = YES;
				INFOPLIST_KEY_UILaunchScreen_Generation = YES;
				INFOPLIST_KEY_UISupportedInterfaceOrientations_iPad = "UIInterfaceOrientationPortrait UIInterfaceOrientationPortraitUpsideDown UIInterfaceOrientationLandscapeLeft UIInterfaceOrientationLandscapeRight";
				INFOPLIST_KEY_UISupportedInterfaceOrientations_iPhone = "UIInterfaceOrientationPortrait UIInterfaceOrientationLandscapeLeft UIInterfaceOrientationLandscapeRight";
				IPHONEOS_DEPLOYMENT_TARGET = 26.0;
				LD_RUNPATH_SEARCH_PATHS = (
					"$(inherited)",
					"@executable_path/Frameworks",
				);
				MARKETING_VERSION = 1.0;
				PRODUCT_BUNDLE_IDENTIFIER = com.gwinyai.Income;
				PRODUCT_NAME = "$(TARGET_NAME)";
				SWIFT_EMIT_LOC_STRINGS = YES;
				SWIFT_VERSION = 5.0;
				TARGETED_DEVICE_FAMILY = "1,2";
			};
			name = Release;
		};
/* End XCBuildConfiguration section */

/* Begin XCConfigurationList section */
		20FB86122B691FE700E430BE /* Build configuration list for PBXProject "Income" */ = {
			isa = XCConfigurationList;
			buildConfigurations = (
				20FB86232B691FE700E430BE /* Debug */,
				20FB86242B691FE700E430BE /* Release */,
			);
			defaultConfigurationIsVisible = 0;
			defaultConfigurationName = Release;
		};
		20FB86252B691FE700E430BE /* Build configuration list for PBXNativeTarget "Income" */ = {
			isa = XCConfigurationList;
			buildConfigurations = (
				20FB86262B691FE700E430BE /* Debug */,
				20FB86272B691FE700E430BE /* Release */,
			);
			defaultConfigurationIsVisible = 0;
			defaultConfigurationName = Release;
		};
/* End XCConfigurationList section */
	};
	rootObject = 20FB860F2B691FE700E430BE /* Project object */;
}
